// !$*UTF8*$!
{
	archiveVersion = 1;
	classes = {
	};
	objectVersion = 50;
	objects = {

/* Begin PBXBuildFile section */
		BF68F0C92355C48100999C41 /* AppDelegate.swift in Sources */ = {isa = PBXBuildFile; fileRef = BF68F0C82355C48100999C41 /* AppDelegate.swift */; };
		BF68F0CB2355C48100999C41 /* ViewController.swift in Sources */ = {isa = PBXBuildFile; fileRef = BF68F0CA2355C48100999C41 /* ViewController.swift */; };
		BF68F0CE2355C48100999C41 /* Main.storyboard in Resources */ = {isa = PBXBuildFile; fileRef = BF68F0CC2355C48100999C41 /* Main.storyboard */; };
		BF68F0D02355C48200999C41 /* Assets.xcassets in Resources */ = {isa = PBXBuildFile; fileRef = BF68F0CF2355C48200999C41 /* Assets.xcassets */; };
		BF68F0D32355C48200999C41 /* LaunchScreen.storyboard in Resources */ = {isa = PBXBuildFile; fileRef = BF68F0D12355C48200999C41 /* LaunchScreen.storyboard */; };
		BF68F0DE2355C6E400999C41 /* Alamofire.framework in Frameworks */ = {isa = PBXBuildFile; fileRef = BF68F0DB2355C6E400999C41 /* Alamofire.framework */; };
		BF68F0DF2355C6E400999C41 /* SVProgressHUD.framework in Frameworks */ = {isa = PBXBuildFile; fileRef = BF68F0DC2355C6E400999C41 /* SVProgressHUD.framework */; };
		BF68F0E02355C6E400999C41 /* SwiftyJSON.framework in Frameworks */ = {isa = PBXBuildFile; fileRef = BF68F0DD2355C6E400999C41 /* SwiftyJSON.framework */; };
/* End PBXBuildFile section */

/* Begin PBXFileReference section */
		BF68F0C52355C48100999C41 /* MovieListTableViewMVVM.app */ = {isa = PBXFileReference; explicitFileType = wrapper.application; includeInIndex = 0; path = MovieListTableViewMVVM.app; sourceTree = BUILT_PRODUCTS_DIR; };
		BF68F0C82355C48100999C41 /* AppDelegate.swift */ = {isa = PBXFileReference; lastKnownFileType = sourcecode.swift; path = AppDelegate.swift; sourceTree = "<group>"; };
		BF68F0CA2355C48100999C41 /* ViewController.swift */ = {isa = PBXFileReference; lastKnownFileType = sourcecode.swift; path = ViewController.swift; sourceTree = "<group>"; };
		BF68F0CD2355C48100999C41 /* Base */ = {isa = PBXFileReference; lastKnownFileType = file.storyboard; name = Base; path = Base.lproj/Main.storyboard; sourceTree = "<group>"; };
		BF68F0CF2355C48200999C41 /* Assets.xcassets */ = {isa = PBXFileReference; lastKnownFileType = folder.assetcatalog; path = Assets.xcassets; sourceTree = "<group>"; };
		BF68F0D22355C48200999C41 /* Base */ = {isa = PBXFileReference; lastKnownFileType = file.storyboard; name = Base; path = Base.lproj/LaunchScreen.storyboard; sourceTree = "<group>"; };
		BF68F0D42355C48200999C41 /* Info.plist */ = {isa = PBXFileReference; lastKnownFileType = text.plist.xml; path = Info.plist; sourceTree = "<group>"; };
		BF68F0DB2355C6E400999C41 /* Alamofire.framework */ = {isa = PBXFileReference; lastKnownFileType = wrapper.framework; name = Alamofire.framework; path = Carthage/Build/iOS/Alamofire.framework; sourceTree = "<group>"; };
		BF68F0DC2355C6E400999C41 /* SVProgressHUD.framework */ = {isa = PBXFileReference; lastKnownFileType = wrapper.framework; name = SVProgressHUD.framework; path = Carthage/Build/iOS/SVProgressHUD.framework; sourceTree = "<group>"; };
		BF68F0DD2355C6E400999C41 /* SwiftyJSON.framework */ = {isa = PBXFileReference; lastKnownFileType = wrapper.framework; name = SwiftyJSON.framework; path = Carthage/Build/iOS/SwiftyJSON.framework; sourceTree = "<group>"; };
/* End PBXFileReference section */

/* Begin PBXFrameworksBuildPhase section */
		BF68F0C22355C48100999C41 /* Frameworks */ = {
			isa = PBXFrameworksBuildPhase;
			buildActionMask = 2147483647;
			files = (
				BF68F0DE2355C6E400999C41 /* Alamofire.framework in Frameworks */,
				BF68F0DF2355C6E400999C41 /* SVProgressHUD.framework in Frameworks */,
				BF68F0E02355C6E400999C41 /* SwiftyJSON.framework in Frameworks */,
			);
			runOnlyForDeploymentPostprocessing = 0;
		};
/* End PBXFrameworksBuildPhase section */

/* Begin PBXGroup section */
		BF68F0BC2355C48100999C41 = {
			isa = PBXGroup;
			children = (
				BF68F0C72355C48100999C41 /* MovieListTableViewMVVM */,
				BF68F0C62355C48100999C41 /* Products */,
				BF68F0DA2355C6E400999C41 /* Frameworks */,
			);
			sourceTree = "<group>";
		};
		BF68F0C62355C48100999C41 /* Products */ = {
			isa = PBXGroup;
			children = (
				BF68F0C52355C48100999C41 /* MovieListTableViewMVVM.app */,
			);
			name = Products;
			sourceTree = "<group>";
		};
		BF68F0C72355C48100999C41 /* MovieListTableViewMVVM */ = {
			isa = PBXGroup;
			children = (
				BF68F0C82355C48100999C41 /* AppDelegate.swift */,
				BF68F0CA2355C48100999C41 /* ViewController.swift */,
				BF68F0CC2355C48100999C41 /* Main.storyboard */,
				BF68F0CF2355C48200999C41 /* Assets.xcassets */,
				BF68F0D12355C48200999C41 /* LaunchScreen.storyboard */,
				BF68F0D42355C48200999C41 /* Info.plist */,
			);
			path = MovieListTableViewMVVM;
			sourceTree = "<group>";
		};
		BF68F0DA2355C6E400999C41 /* Frameworks */ = {
			isa = PBXGroup;
			children = (
				BF68F0DB2355C6E400999C41 /* Alamofire.framework */,
				BF68F0DC2355C6E400999C41 /* SVProgressHUD.framework */,
				BF68F0DD2355C6E400999C41 /* SwiftyJSON.framework */,
			);
			name = Frameworks;
			sourceTree = "<group>";
		};
/* End PBXGroup section */

/* Begin PBXNativeTarget section */
		BF68F0C42355C48100999C41 /* MovieListTableViewMVVM */ = {
			isa = PBXNativeTarget;
			buildConfigurationList = BF68F0D72355C48200999C41 /* Build configuration list for PBXNativeTarget "MovieListTableViewMVVM" */;
			buildPhases = (
				BF68F0C12355C48100999C41 /* Sources */,
				BF68F0C22355C48100999C41 /* Frameworks */,
				BF68F0C32355C48100999C41 /* Resources */,
				BF68F0E12355C6EC00999C41 /* ShellScript */,
			);
			buildRules = (
			);
			dependencies = (
			);
			name = MovieListTableViewMVVM;
			productName = MovieListTableViewMVVM;
			productReference = BF68F0C52355C48100999C41 /* MovieListTableViewMVVM.app */;
			productType = "com.apple.product-type.application";
		};
/* End PBXNativeTarget section */

/* Begin PBXProject section */
		BF68F0BD2355C48100999C41 /* Project object */ = {
			isa = PBXProject;
			attributes = {
				LastSwiftUpdateCheck = 1020;
				LastUpgradeCheck = 1020;
				ORGANIZATIONNAME = "Yawei Liu";
				TargetAttributes = {
					BF68F0C42355C48100999C41 = {
						CreatedOnToolsVersion = 10.2.1;
					};
				};
			};
			buildConfigurationList = BF68F0C02355C48100999C41 /* Build configuration list for PBXProject "MovieListTableViewMVVM" */;
			compatibilityVersion = "Xcode 9.3";
			developmentRegion = en;
			hasScannedForEncodings = 0;
			knownRegions = (
				en,
				Base,
			);
			mainGroup = BF68F0BC2355C48100999C41;
			productRefGroup = BF68F0C62355C48100999C41 /* Products */;
			projectDirPath = "";
			projectRoot = "";
			targets = (
				BF68F0C42355C48100999C41 /* MovieListTableViewMVVM */,
			);
		};
/* End PBXProject section */

/* Begin PBXResourcesBuildPhase section */
		BF68F0C32355C48100999C41 /* Resources */ = {
			isa = PBXResourcesBuildPhase;
			buildActionMask = 2147483647;
			files = (
				BF68F0D32355C48200999C41 /* LaunchScreen.storyboard in Resources */,
				BF68F0D02355C48200999C41 /* Assets.xcassets in Resources */,
				BF68F0CE2355C48100999C41 /* Main.storyboard in Resources */,
			);
			runOnlyForDeploymentPostprocessing = 0;
		};
/* End PBXResourcesBuildPhase section */

/* Begin PBXShellScriptBuildPhase section */
		BF68F0E12355C6EC00999C41 /* ShellScript */ = {
			isa = PBXShellScriptBuildPhase;
			buildActionMask = 2147483647;
			files = (
			);
			inputFileListPaths = (
			);
			inputPaths = (
				"$(SRCROOT)/Carthage/Build/iOS/SwiftyJSON.framework",
				"$(SRCROOT)/Carthage/Build/iOS/SVProgressHUD.framework",
				"$(SRCROOT)/Carthage/Build/iOS/Alamofire.framework",
			);
			outputFileListPaths = (
			);
			outputPaths = (
			);
			runOnlyForDeploymentPostprocessing = 0;
			shellPath = /bin/sh;
			shellScript = "/usr/local/bin/carthage copy-frameworks\n";
		};
/* End PBXShellScriptBuildPhase section */

/* Begin PBXSourcesBuildPhase section */
		BF68F0C12355C48100999C41 /* Sources */ = {
			isa = PBXSourcesBuildPhase;
			buildActionMask = 2147483647;
			files = (
				BF68F0CB2355C48100999C41 /* ViewController.swift in Sources */,
				BF68F0C92355C48100999C41 /* AppDelegate.swift in Sources */,
			);
			runOnlyForDeploymentPostprocessing = 0;
		};
/* End PBXSourcesBuildPhase section */

/* Begin PBXVariantGroup section */
		BF68F0CC2355C48100999C41 /* Main.storyboard */ = {
			isa = PBXVariantGroup;
			children = (
				BF68F0CD2355C48100999C41 /* Base */,
			);
			name = Main.storyboard;
			sourceTree = "<group>";
		};
		BF68F0D12355C48200999C41 /* LaunchScreen.storyboard */ = {
			isa = PBXVariantGroup;
			children = (
				BF68F0D22355C48200999C41 /* Base */,
			);
			name = LaunchScreen.storyboard;
			sourceTree = "<group>";
		};
/* End PBXVariantGroup section */

/* Begin XCBuildConfiguration section */
		BF68F0D52355C48200999C41 /* Debug */ = {
			isa = XCBuildConfiguration;
			buildSettings = {
				ALWAYS_SEARCH_USER_PATHS = NO;
				CLANG_ANALYZER_NONNULL = YES;
				CLANG_ANALYZER_NUMBER_OBJECT_CONVERSION = YES_AGGRESSIVE;
				CLANG_CXX_LANGUAGE_STANDARD = "gnu++14";
				CLANG_CXX_LIBRARY = "libc++";
				CLANG_ENABLE_MODULES = YES;
				CLANG_ENABLE_OBJC_ARC = YES;
				CLANG_ENABLE_OBJC_WEAK = YES;
				CLANG_WARN_BLOCK_CAPTURE_AUTORELEASING = YES;
				CLANG_WARN_BOOL_CONVERSION = YES;
				CLANG_WARN_COMMA = YES;
				CLANG_WARN_CONSTANT_CONVERSION = YES;
				CLANG_WARN_DEPRECATED_OBJC_IMPLEMENTATIONS = YES;
				CLANG_WARN_DIRECT_OBJC_ISA_USAGE = YES_ERROR;
				CLANG_WARN_DOCUMENTATION_COMMENTS = YES;
				CLANG_WARN_EMPTY_BODY = YES;
				CLANG_WARN_ENUM_CONVERSION = YES;
				CLANG_WARN_INFINITE_RECURSION = YES;
				CLANG_WARN_INT_CONVERSION = YES;
				CLANG_WARN_NON_LITERAL_NULL_CONVERSION = YES;
				CLANG_WARN_OBJC_IMPLICIT_RETAIN_SELF = YES;
				CLANG_WARN_OBJC_LITERAL_CONVERSION = YES;
				CLANG_WARN_OBJC_ROOT_CLASS = YES_ERROR;
				CLANG_WARN_RANGE_LOOP_ANALYSIS = YES;
				CLANG_WARN_STRICT_PROTOTYPES = YES;
				CLANG_WARN_SUSPICIOUS_MOVE = YES;
				CLANG_WARN_UNGUARDED_AVAILABILITY = YES_AGGRESSIVE;
				CLANG_WARN_UNREACHABLE_CODE = YES;
				CLANG_WARN__DUPLICATE_METHOD_MATCH = YES;
				CODE_SIGN_IDENTITY = "iPhone Developer";
				COPY_PHASE_STRIP = NO;
				DEBUG_INFORMATION_FORMAT = dwarf;
				ENABLE_STRICT_OBJC_MSGSEND = YES;
				ENABLE_TESTABILITY = YES;
				GCC_C_LANGUAGE_STANDARD = gnu11;
				GCC_DYNAMIC_NO_PIC = NO;
				GCC_NO_COMMON_BLOCKS = YES;
				GCC_OPTIMIZATION_LEVEL = 0;
				GCC_PREPROCESSOR_DEFINITIONS = (
					"DEBUG=1",
					"$(inherited)",
				);
				GCC_WARN_64_TO_32_BIT_CONVERSION = YES;
				GCC_WARN_ABOUT_RETURN_TYPE = YES_ERROR;
				GCC_WARN_UNDECLARED_SELECTOR = YES;
				GCC_WARN_UNINITIALIZED_AUTOS = YES_AGGRESSIVE;
				GCC_WARN_UNUSED_FUNCTION = YES;
				GCC_WARN_UNUSED_VARIABLE = YES;
				IPHONEOS_DEPLOYMENT_TARGET = 12.2;
				MTL_ENABLE_DEBUG_INFO = INCLUDE_SOURCE;
				MTL_FAST_MATH = YES;
				ONLY_ACTIVE_ARCH = YES;
				SDKROOT = iphoneos;
				SWIFT_ACTIVE_COMPILATION_CONDITIONS = DEBUG;
				SWIFT_OPTIMIZATION_LEVEL = "-Onone";
			};
			name = Debug;
		};
		BF68F0D62355C48200999C41 /* Release */ = {
			isa = XCBuildConfiguration;
			buildSettings = {
				ALWAYS_SEARCH_USER_PATHS = NO;
				CLANG_ANALYZER_NONNULL = YES;
				CLANG_ANALYZER_NUMBER_OBJECT_CONVERSION = YES_AGGRESSIVE;
				CLANG_CXX_LANGUAGE_STANDARD = "gnu++14";
				CLANG_CXX_LIBRARY = "libc++";
				CLANG_ENABLE_MODULES = YES;
				CLANG_ENABLE_OBJC_ARC = YES;
				CLANG_ENABLE_OBJC_WEAK = YES;
				CLANG_WARN_BLOCK_CAPTURE_AUTORELEASING = YES;
				CLANG_WARN_BOOL_CONVERSION = YES;
				CLANG_WARN_COMMA = YES;
				CLANG_WARN_CONSTANT_CONVERSION = YES;
				CLANG_WARN_DEPRECATED_OBJC_IMPLEMENTATIONS = YES;
				CLANG_WARN_DIRECT_OBJC_ISA_USAGE = YES_ERROR;
				CLANG_WARN_DOCUMENTATION_COMMENTS = YES;
				CLANG_WARN_EMPTY_BODY = YES;
				CLANG_WARN_ENUM_CONVERSION = YES;
				CLANG_WARN_INFINITE_RECURSION = YES;
				CLANG_WARN_INT_CONVERSION = YES;
				CLANG_WARN_NON_LITERAL_NULL_CONVERSION = YES;
				CLANG_WARN_OBJC_IMPLICIT_RETAIN_SELF = YES;
				CLANG_WARN_OBJC_LITERAL_CONVERSION = YES;
				CLANG_WARN_OBJC_ROOT_CLASS = YES_ERROR;
				CLANG_WARN_RANGE_LOOP_ANALYSIS = YES;
				CLANG_WARN_STRICT_PROTOTYPES = YES;
				CLANG_WARN_SUSPICIOUS_MOVE = YES;
				CLANG_WARN_UNGUARDED_AVAILABILITY = YES_AGGRESSIVE;
				CLANG_WARN_UNREACHABLE_CODE = YES;
				CLANG_WARN__DUPLICATE_METHOD_MATCH = YES;
				CODE_SIGN_IDENTITY = "iPhone Developer";
				COPY_PHASE_STRIP = NO;
				DEBUG_INFORMATION_FORMAT = "dwarf-with-dsym";
				ENABLE_NS_ASSERTIONS = NO;
				ENABLE_STRICT_OBJC_MSGSEND = YES;
				GCC_C_LANGUAGE_STANDARD = gnu11;
				GCC_NO_COMMON_BLOCKS = YES;
				GCC_WARN_64_TO_32_BIT_CONVERSION = YES;
				GCC_WARN_ABOUT_RETURN_TYPE = YES_ERROR;
				GCC_WARN_UNDECLARED_SELECTOR = YES;
				GCC_WARN_UNINITIALIZED_AUTOS = YES_AGGRESSIVE;
				GCC_WARN_UNUSED_FUNCTION = YES;
				GCC_WARN_UNUSED_VARIABLE = YES;
				IPHONEOS_DEPLOYMENT_TARGET = 12.2;
				MTL_ENABLE_DEBUG_INFO = NO;
				MTL_FAST_MATH = YES;
				SDKROOT = iphoneos;
				SWIFT_COMPILATION_MODE = wholemodule;
				SWIFT_OPTIMIZATION_LEVEL = "-O";
				VALIDATE_PRODUCT = YES;
			};
			name = Release;
		};
		BF68F0D82355C48200999C41 /* Debug */ = {
			isa = XCBuildConfiguration;
			buildSettings = {
				ASSETCATALOG_COMPILER_APPICON_NAME = AppIcon;
				CODE_SIGN_STYLE = Automatic;
				DEVELOPMENT_TEAM = NHS5CFX24Q;
				FRAMEWORK_SEARCH_PATHS = (
					"$(inherited)",
					"$(PROJECT_DIR)/Carthage/Build/iOS",
				);
				INFOPLIST_FILE = MovieListTableViewMVVM/Info.plist;
				LD_RUNPATH_SEARCH_PATHS = (
					"$(inherited)",
					"@executable_path/Frameworks",
				);
				PRODUCT_BUNDLE_IDENTIFIER = "Yawei-Liu.MovieListTableViewMVVM";
				PRODUCT_NAME = "$(TARGET_NAME)";
				SWIFT_VERSION = 5.0;
				TARGETED_DEVICE_FAMILY = "1,2";
			};
			name = Debug;
		};
		BF68F0D92355C48200999C41 /* Release */ = {
			isa = XCBuildConfiguration;
			buildSettings = {
				ASSETCATALOG_COMPILER_APPICON_NAME = AppIcon;
				CODE_SIGN_STYLE = Automatic;
				DEVELOPMENT_TEAM = NHS5CFX24Q;
				FRAMEWORK_SEARCH_PATHS = (
					"$(inherited)",
					"$(PROJECT_DIR)/Carthage/Build/iOS",
				);
				INFOPLIST_FILE = MovieListTableViewMVVM/Info.plist;
				LD_RUNPATH_SEARCH_PATHS = (
					"$(inherited)",
					"@executable_path/Frameworks",
				);
				PRODUCT_BUNDLE_IDENTIFIER = "Yawei-Liu.MovieListTableViewMVVM";
				PRODUCT_NAME = "$(TARGET_NAME)";
				SWIFT_VERSION = 5.0;
				TARGETED_DEVICE_FAMILY = "1,2";
			};
			name = Release;
		};
/* End XCBuildConfiguration section */

/* Begin XCConfigurationList section */
		BF68F0C02355C48100999C41 /* Build configuration list for PBXProject "MovieListTableViewMVVM" */ = {
			isa = XCConfigurationList;
			buildConfigurations = (
				BF68F0D52355C48200999C41 /* Debug */,
				BF68F0D62355C48200999C41 /* Release */,
			);
			defaultConfigurationIsVisible = 0;
			defaultConfigurationName = Release;
		};
		BF68F0D72355C48200999C41 /* Build configuration list for PBXNativeTarget "MovieListTableViewMVVM" */ = {
			isa = XCConfigurationList;
			buildConfigurations = (
				BF68F0D82355C48200999C41 /* Debug */,
				BF68F0D92355C48200999C41 /* Release */,
			);
			defaultConfigurationIsVisible = 0;
			defaultConfigurationName = Release;
		};
/* End XCConfigurationList section */
	};
	rootObject = BF68F0BD2355C48100999C41 /* Project object */;
}
